
Microsoft Visual Studio Solution File, Format Version 12.00
# Visual Studio Version 16
VisualStudioVersion = 16.0.29503.13
MinimumVisualStudioVersion = 15.0.26124.0
Project("{2150E333-8FDC-42A3-9474-1A3956D46DE8}") = "test", "test", "{7180D51A-14F6-4566-95CF-4E1FD81FE3B4}"
EndProject
Project("{9A19103F-16F7-4668-BE54-9A1E7A4F7556}") = "Todo.Tests", "test\todo\Todo.Tests.csproj", "{7E3BC0AC-1EC1-4B4B-9C5B-1F0335B976B4}"
EndProject
Project("{2150E333-8FDC-42A3-9474-1A3956D46DE8}") = "src", "src", "{06519F70-8799-43ED-A35F-4019761FABC1}"
EndProject
Project("{9A19103F-16F7-4668-BE54-9A1E7A4F7556}") = "Todo", "src\todo\Todo.csproj", "{9785368D-113F-496E-9A3D-09E343728A9A}"
EndProject
Project("{9A19103F-16F7-4668-BE54-9A1E7A4F7556}") = "Todo.Abstractions", "src\todo\Abstractions\Todo.Abstractions.csproj", "{E7164360-3680-4362-B3A5-151DE703A631}"
EndProject
Project("{2150E333-8FDC-42A3-9474-1A3956D46DE8}") = "serviceLayer", "serviceLayer", "{E7ADF664-2BB5-4EBC-93EB-A906000ACC30}"
EndProject
Project("{9A19103F-16F7-4668-BE54-9A1E7A4F7556}") = "Todo.ServiceLayer", "src\todo\serviceLayer\Todo.ServiceLayer.csproj", "{6A714F37-8EC1-47F9-9799-4A44441CDE93}"
EndProject
Project("{9A19103F-16F7-4668-BE54-9A1E7A4F7556}") = "Todo.ServiceLayer.Abstractions", "src\todo\serviceLayer\Abstractions\Todo.ServiceLayer.Abstractions.csproj", "{95EDD55A-BA27-4392-B966-A54EEF2702DE}"
EndProject
Project("{2150E333-8FDC-42A3-9474-1A3956D46DE8}") = "DataLayer", "DataLayer", "{FCB6C510-BBEE-4D1A-B19F-07138F9BE4F3}"
EndProject
Project("{9A19103F-16F7-4668-BE54-9A1E7A4F7556}") = "Todo.DataLayer", "src\todo\dataLayer\Todo.DataLayer.csproj", "{306D3F45-61FD-4279-9597-451751B62B37}"
EndProject
Project("{9A19103F-16F7-4668-BE54-9A1E7A4F7556}") = "Todo.DataLayer.Abstractions", "src\todo\DataLayer\Abstractions\Todo.DataLayer.Abstractions.csproj", "{3E6E073C-E057-489A-8C5F-63DBF0BE8AE3}"
EndProject
Project("{9A19103F-16F7-4668-BE54-9A1E7A4F7556}") = "Todo.RepositoryLayer", "src\todo\RepositoryLayer\Todo.RepositoryLayer.csproj", "{EE3242DE-20C6-4C97-971D-0D44327CE223}"
EndProject
Project("{2150E333-8FDC-42A3-9474-1A3956D46DE8}") = "RepositoryLayer", "RepositoryLayer", "{28C1D513-4322-4FC7-8801-FDBD0F495915}"
EndProject
Project("{9A19103F-16F7-4668-BE54-9A1E7A4F7556}") = "Todo.RepositoryLayer.Abstractions", "src\todo\RepositoryLayer\Abstractions\Todo.RepositoryLayer.Abstractions.csproj", "{A87DC1CE-CB3F-43ED-A07A-531EA4822E6C}"
EndProject
Project("{2150E333-8FDC-42A3-9474-1A3956D46DE8}") = "Abstractions", "Abstractions", "{0A2F4A19-85CF-4A49-A6DF-58A97ECE6CE7}"
EndProject
Project("{2150E333-8FDC-42A3-9474-1A3956D46DE8}") = "Abstractions", "Abstractions", "{02006D93-E5CF-4E55-A456-6E13B6148496}"
EndProject
Project("{2150E333-8FDC-42A3-9474-1A3956D46DE8}") = "Abstractions", "Abstractions", "{FA4776CF-B2F6-46DA-8EE6-83C67BF921CF}"
EndProject
Project("{2150E333-8FDC-42A3-9474-1A3956D46DE8}") = "Abstractions", "Abstractions", "{8CF8C732-0C28-4F10-8AC0-740E85D1A678}"
EndProject
Project("{2150E333-8FDC-42A3-9474-1A3956D46DE8}") = "Todo", "Todo", "{4500D5C2-D6B6-48D5-90AD-A67071AA7EFD}"
EndProject
Project("{2150E333-8FDC-42A3-9474-1A3956D46DE8}") = "Todo", "Todo", "{52EC5F22-E9CF-4853-8629-A80F4285DC2D}"
EndProject
Project("{2150E333-8FDC-42A3-9474-1A3956D46DE8}") = "MoqObjects", "MoqObjects", "{C9AD419C-FA33-4755-BE65-056145B7454D}"
EndProject
Project("{9A19103F-16F7-4668-BE54-9A1E7A4F7556}") = "Todo.Tests.MoqObjects", "test\Todo\MoqObjects\Todo.Tests.MoqObjects.csproj", "{05E189FB-68BC-43EA-8A41-B648000B2FC4}"
EndProject
Project("{2150E333-8FDC-42A3-9474-1A3956D46DE8}") = "API", "API", "{9DEB54E7-DC8C-4B9E-AA8E-A62278E568DF}"
EndProject
Project("{9A19103F-16F7-4668-BE54-9A1E7A4F7556}") = "TodoAPI", "src\todo\API\TodoAPI.csproj", "{EE0AB0ED-0AB4-4369-86B0-9F815DBBF568}"
EndProject
Project("{2150E333-8FDC-42A3-9474-1A3956D46DE8}") = "UI", "UI", "{FBD278EE-5BD3-4C8F-B8EF-440D36986294}"
EndProject
Project("{2150E333-8FDC-42A3-9474-1A3956D46DE8}") = "Todo", "Todo", "{932E437F-80FF-4567-9C51-58B5F13287E0}"
EndProject
Project("{2150E333-8FDC-42A3-9474-1A3956D46DE8}") = "Todo", "Todo", "{0B848D6E-C547-492F-B8E4-789C5458488A}"
EndProject
Global
	GlobalSection(SolutionConfigurationPlatforms) = preSolution
		Debug|Any CPU = Debug|Any CPU
		Debug|x64 = Debug|x64
		Debug|x86 = Debug|x86
		Release|Any CPU = Release|Any CPU
		Release|x64 = Release|x64
		Release|x86 = Release|x86
	EndGlobalSection
	GlobalSection(ProjectConfigurationPlatforms) = postSolution
		{7E3BC0AC-1EC1-4B4B-9C5B-1F0335B976B4}.Debug|Any CPU.ActiveCfg = Debug|Any CPU
		{7E3BC0AC-1EC1-4B4B-9C5B-1F0335B976B4}.Debug|Any CPU.Build.0 = Debug|Any CPU
		{7E3BC0AC-1EC1-4B4B-9C5B-1F0335B976B4}.Debug|x64.ActiveCfg = Debug|Any CPU
		{7E3BC0AC-1EC1-4B4B-9C5B-1F0335B976B4}.Debug|x64.Build.0 = Debug|Any CPU
		{7E3BC0AC-1EC1-4B4B-9C5B-1F0335B976B4}.Debug|x86.ActiveCfg = Debug|Any CPU
		{7E3BC0AC-1EC1-4B4B-9C5B-1F0335B976B4}.Debug|x86.Build.0 = Debug|Any CPU
		{7E3BC0AC-1EC1-4B4B-9C5B-1F0335B976B4}.Release|Any CPU.ActiveCfg = Release|Any CPU
		{7E3BC0AC-1EC1-4B4B-9C5B-1F0335B976B4}.Release|Any CPU.Build.0 = Release|Any CPU
		{7E3BC0AC-1EC1-4B4B-9C5B-1F0335B976B4}.Release|x64.ActiveCfg = Release|Any CPU
		{7E3BC0AC-1EC1-4B4B-9C5B-1F0335B976B4}.Release|x64.Build.0 = Release|Any CPU
		{7E3BC0AC-1EC1-4B4B-9C5B-1F0335B976B4}.Release|x86.ActiveCfg = Release|Any CPU
		{7E3BC0AC-1EC1-4B4B-9C5B-1F0335B976B4}.Release|x86.Build.0 = Release|Any CPU
		{9785368D-113F-496E-9A3D-09E343728A9A}.Debug|Any CPU.ActiveCfg = Debug|Any CPU
		{9785368D-113F-496E-9A3D-09E343728A9A}.Debug|Any CPU.Build.0 = Debug|Any CPU
		{9785368D-113F-496E-9A3D-09E343728A9A}.Debug|x64.ActiveCfg = Debug|Any CPU
		{9785368D-113F-496E-9A3D-09E343728A9A}.Debug|x64.Build.0 = Debug|Any CPU
		{9785368D-113F-496E-9A3D-09E343728A9A}.Debug|x86.ActiveCfg = Debug|Any CPU
		{9785368D-113F-496E-9A3D-09E343728A9A}.Debug|x86.Build.0 = Debug|Any CPU
		{9785368D-113F-496E-9A3D-09E343728A9A}.Release|Any CPU.ActiveCfg = Release|Any CPU
		{9785368D-113F-496E-9A3D-09E343728A9A}.Release|Any CPU.Build.0 = Release|Any CPU
		{9785368D-113F-496E-9A3D-09E343728A9A}.Release|x64.ActiveCfg = Release|Any CPU
		{9785368D-113F-496E-9A3D-09E343728A9A}.Release|x64.Build.0 = Release|Any CPU
		{9785368D-113F-496E-9A3D-09E343728A9A}.Release|x86.ActiveCfg = Release|Any CPU
		{9785368D-113F-496E-9A3D-09E343728A9A}.Release|x86.Build.0 = Release|Any CPU
		{E7164360-3680-4362-B3A5-151DE703A631}.Debug|Any CPU.ActiveCfg = Debug|Any CPU
		{E7164360-3680-4362-B3A5-151DE703A631}.Debug|Any CPU.Build.0 = Debug|Any CPU
		{E7164360-3680-4362-B3A5-151DE703A631}.Debug|x64.ActiveCfg = Debug|Any CPU
		{E7164360-3680-4362-B3A5-151DE703A631}.Debug|x64.Build.0 = Debug|Any CPU
		{E7164360-3680-4362-B3A5-151DE703A631}.Debug|x86.ActiveCfg = Debug|Any CPU
		{E7164360-3680-4362-B3A5-151DE703A631}.Debug|x86.Build.0 = Debug|Any CPU
		{E7164360-3680-4362-B3A5-151DE703A631}.Release|Any CPU.ActiveCfg = Release|Any CPU
		{E7164360-3680-4362-B3A5-151DE703A631}.Release|Any CPU.Build.0 = Release|Any CPU
		{E7164360-3680-4362-B3A5-151DE703A631}.Release|x64.ActiveCfg = Release|Any CPU
		{E7164360-3680-4362-B3A5-151DE703A631}.Release|x64.Build.0 = Release|Any CPU
		{E7164360-3680-4362-B3A5-151DE703A631}.Release|x86.ActiveCfg = Release|Any CPU
		{E7164360-3680-4362-B3A5-151DE703A631}.Release|x86.Build.0 = Release|Any CPU
		{6A714F37-8EC1-47F9-9799-4A44441CDE93}.Debug|Any CPU.ActiveCfg = Debug|Any CPU
		{6A714F37-8EC1-47F9-9799-4A44441CDE93}.Debug|Any CPU.Build.0 = Debug|Any CPU
		{6A714F37-8EC1-47F9-9799-4A44441CDE93}.Debug|x64.ActiveCfg = Debug|Any CPU
		{6A714F37-8EC1-47F9-9799-4A44441CDE93}.Debug|x64.Build.0 = Debug|Any CPU
		{6A714F37-8EC1-47F9-9799-4A44441CDE93}.Debug|x86.ActiveCfg = Debug|Any CPU
		{6A714F37-8EC1-47F9-9799-4A44441CDE93}.Debug|x86.Build.0 = Debug|Any CPU
		{6A714F37-8EC1-47F9-9799-4A44441CDE93}.Release|Any CPU.ActiveCfg = Release|Any CPU
		{6A714F37-8EC1-47F9-9799-4A44441CDE93}.Release|Any CPU.Build.0 = Release|Any CPU
		{6A714F37-8EC1-47F9-9799-4A44441CDE93}.Release|x64.ActiveCfg = Release|Any CPU
		{6A714F37-8EC1-47F9-9799-4A44441CDE93}.Release|x64.Build.0 = Release|Any CPU
		{6A714F37-8EC1-47F9-9799-4A44441CDE93}.Release|x86.ActiveCfg = Release|Any CPU
		{6A714F37-8EC1-47F9-9799-4A44441CDE93}.Release|x86.Build.0 = Release|Any CPU
		{95EDD55A-BA27-4392-B966-A54EEF2702DE}.Debug|Any CPU.ActiveCfg = Debug|Any CPU
		{95EDD55A-BA27-4392-B966-A54EEF2702DE}.Debug|Any CPU.Build.0 = Debug|Any CPU
		{95EDD55A-BA27-4392-B966-A54EEF2702DE}.Debug|x64.ActiveCfg = Debug|Any CPU
		{95EDD55A-BA27-4392-B966-A54EEF2702DE}.Debug|x64.Build.0 = Debug|Any CPU
		{95EDD55A-BA27-4392-B966-A54EEF2702DE}.Debug|x86.ActiveCfg = Debug|Any CPU
		{95EDD55A-BA27-4392-B966-A54EEF2702DE}.Debug|x86.Build.0 = Debug|Any CPU
		{95EDD55A-BA27-4392-B966-A54EEF2702DE}.Release|Any CPU.ActiveCfg = Release|Any CPU
		{95EDD55A-BA27-4392-B966-A54EEF2702DE}.Release|Any CPU.Build.0 = Release|Any CPU
		{95EDD55A-BA27-4392-B966-A54EEF2702DE}.Release|x64.ActiveCfg = Release|Any CPU
		{95EDD55A-BA27-4392-B966-A54EEF2702DE}.Release|x64.Build.0 = Release|Any CPU
		{95EDD55A-BA27-4392-B966-A54EEF2702DE}.Release|x86.ActiveCfg = Release|Any CPU
		{95EDD55A-BA27-4392-B966-A54EEF2702DE}.Release|x86.Build.0 = Release|Any CPU
		{306D3F45-61FD-4279-9597-451751B62B37}.Debug|Any CPU.ActiveCfg = Debug|Any CPU
		{306D3F45-61FD-4279-9597-451751B62B37}.Debug|Any CPU.Build.0 = Debug|Any CPU
		{306D3F45-61FD-4279-9597-451751B62B37}.Debug|x64.ActiveCfg = Debug|Any CPU
		{306D3F45-61FD-4279-9597-451751B62B37}.Debug|x64.Build.0 = Debug|Any CPU
		{306D3F45-61FD-4279-9597-451751B62B37}.Debug|x86.ActiveCfg = Debug|Any CPU
		{306D3F45-61FD-4279-9597-451751B62B37}.Debug|x86.Build.0 = Debug|Any CPU
		{306D3F45-61FD-4279-9597-451751B62B37}.Release|Any CPU.ActiveCfg = Release|Any CPU
		{306D3F45-61FD-4279-9597-451751B62B37}.Release|Any CPU.Build.0 = Release|Any CPU
		{306D3F45-61FD-4279-9597-451751B62B37}.Release|x64.ActiveCfg = Release|Any CPU
		{306D3F45-61FD-4279-9597-451751B62B37}.Release|x64.Build.0 = Release|Any CPU
		{306D3F45-61FD-4279-9597-451751B62B37}.Release|x86.ActiveCfg = Release|Any CPU
		{306D3F45-61FD-4279-9597-451751B62B37}.Release|x86.Build.0 = Release|Any CPU
		{3E6E073C-E057-489A-8C5F-63DBF0BE8AE3}.Debug|Any CPU.ActiveCfg = Debug|Any CPU
		{3E6E073C-E057-489A-8C5F-63DBF0BE8AE3}.Debug|Any CPU.Build.0 = Debug|Any CPU
		{3E6E073C-E057-489A-8C5F-63DBF0BE8AE3}.Debug|x64.ActiveCfg = Debug|Any CPU
		{3E6E073C-E057-489A-8C5F-63DBF0BE8AE3}.Debug|x64.Build.0 = Debug|Any CPU
		{3E6E073C-E057-489A-8C5F-63DBF0BE8AE3}.Debug|x86.ActiveCfg = Debug|Any CPU
		{3E6E073C-E057-489A-8C5F-63DBF0BE8AE3}.Debug|x86.Build.0 = Debug|Any CPU
		{3E6E073C-E057-489A-8C5F-63DBF0BE8AE3}.Release|Any CPU.ActiveCfg = Release|Any CPU
		{3E6E073C-E057-489A-8C5F-63DBF0BE8AE3}.Release|Any CPU.Build.0 = Release|Any CPU
		{3E6E073C-E057-489A-8C5F-63DBF0BE8AE3}.Release|x64.ActiveCfg = Release|Any CPU
		{3E6E073C-E057-489A-8C5F-63DBF0BE8AE3}.Release|x64.Build.0 = Release|Any CPU
		{3E6E073C-E057-489A-8C5F-63DBF0BE8AE3}.Release|x86.ActiveCfg = Release|Any CPU
		{3E6E073C-E057-489A-8C5F-63DBF0BE8AE3}.Release|x86.Build.0 = Release|Any CPU
		{EE3242DE-20C6-4C97-971D-0D44327CE223}.Debug|Any CPU.ActiveCfg = Debug|Any CPU
		{EE3242DE-20C6-4C97-971D-0D44327CE223}.Debug|Any CPU.Build.0 = Debug|Any CPU
		{EE3242DE-20C6-4C97-971D-0D44327CE223}.Debug|x64.ActiveCfg = Debug|Any CPU
		{EE3242DE-20C6-4C97-971D-0D44327CE223}.Debug|x64.Build.0 = Debug|Any CPU
		{EE3242DE-20C6-4C97-971D-0D44327CE223}.Debug|x86.ActiveCfg = Debug|Any CPU
		{EE3242DE-20C6-4C97-971D-0D44327CE223}.Debug|x86.Build.0 = Debug|Any CPU
		{EE3242DE-20C6-4C97-971D-0D44327CE223}.Release|Any CPU.ActiveCfg = Release|Any CPU
		{EE3242DE-20C6-4C97-971D-0D44327CE223}.Release|Any CPU.Build.0 = Release|Any CPU
		{EE3242DE-20C6-4C97-971D-0D44327CE223}.Release|x64.ActiveCfg = Release|Any CPU
		{EE3242DE-20C6-4C97-971D-0D44327CE223}.Release|x64.Build.0 = Release|Any CPU
		{EE3242DE-20C6-4C97-971D-0D44327CE223}.Release|x86.ActiveCfg = Release|Any CPU
		{EE3242DE-20C6-4C97-971D-0D44327CE223}.Release|x86.Build.0 = Release|Any CPU
		{A87DC1CE-CB3F-43ED-A07A-531EA4822E6C}.Debug|Any CPU.ActiveCfg = Debug|Any CPU
		{A87DC1CE-CB3F-43ED-A07A-531EA4822E6C}.Debug|Any CPU.Build.0 = Debug|Any CPU
		{A87DC1CE-CB3F-43ED-A07A-531EA4822E6C}.Debug|x64.ActiveCfg = Debug|Any CPU
		{A87DC1CE-CB3F-43ED-A07A-531EA4822E6C}.Debug|x64.Build.0 = Debug|Any CPU
		{A87DC1CE-CB3F-43ED-A07A-531EA4822E6C}.Debug|x86.ActiveCfg = Debug|Any CPU
		{A87DC1CE-CB3F-43ED-A07A-531EA4822E6C}.Debug|x86.Build.0 = Debug|Any CPU
		{A87DC1CE-CB3F-43ED-A07A-531EA4822E6C}.Release|Any CPU.ActiveCfg = Release|Any CPU
		{A87DC1CE-CB3F-43ED-A07A-531EA4822E6C}.Release|Any CPU.Build.0 = Release|Any CPU
		{A87DC1CE-CB3F-43ED-A07A-531EA4822E6C}.Release|x64.ActiveCfg = Release|Any CPU
		{A87DC1CE-CB3F-43ED-A07A-531EA4822E6C}.Release|x64.Build.0 = Release|Any CPU
		{A87DC1CE-CB3F-43ED-A07A-531EA4822E6C}.Release|x86.ActiveCfg = Release|Any CPU
		{A87DC1CE-CB3F-43ED-A07A-531EA4822E6C}.Release|x86.Build.0 = Release|Any CPU
		{05E189FB-68BC-43EA-8A41-B648000B2FC4}.Debug|Any CPU.ActiveCfg = Debug|Any CPU
		{05E189FB-68BC-43EA-8A41-B648000B2FC4}.Debug|Any CPU.Build.0 = Debug|Any CPU
		{05E189FB-68BC-43EA-8A41-B648000B2FC4}.Debug|x64.ActiveCfg = Debug|Any CPU
		{05E189FB-68BC-43EA-8A41-B648000B2FC4}.Debug|x64.Build.0 = Debug|Any CPU
		{05E189FB-68BC-43EA-8A41-B648000B2FC4}.Debug|x86.ActiveCfg = Debug|Any CPU
		{05E189FB-68BC-43EA-8A41-B648000B2FC4}.Debug|x86.Build.0 = Debug|Any CPU
		{05E189FB-68BC-43EA-8A41-B648000B2FC4}.Release|Any CPU.ActiveCfg = Release|Any CPU
		{05E189FB-68BC-43EA-8A41-B648000B2FC4}.Release|Any CPU.Build.0 = Release|Any CPU
		{05E189FB-68BC-43EA-8A41-B648000B2FC4}.Release|x64.ActiveCfg = Release|Any CPU
		{05E189FB-68BC-43EA-8A41-B648000B2FC4}.Release|x64.Build.0 = Release|Any CPU
		{05E189FB-68BC-43EA-8A41-B648000B2FC4}.Release|x86.ActiveCfg = Release|Any CPU
		{05E189FB-68BC-43EA-8A41-B648000B2FC4}.Release|x86.Build.0 = Release|Any CPU
		{EE0AB0ED-0AB4-4369-86B0-9F815DBBF568}.Debug|Any CPU.ActiveCfg = Debug|Any CPU
		{EE0AB0ED-0AB4-4369-86B0-9F815DBBF568}.Debug|Any CPU.Build.0 = Debug|Any CPU
		{EE0AB0ED-0AB4-4369-86B0-9F815DBBF568}.Debug|x64.ActiveCfg = Debug|Any CPU
		{EE0AB0ED-0AB4-4369-86B0-9F815DBBF568}.Debug|x64.Build.0 = Debug|Any CPU
		{EE0AB0ED-0AB4-4369-86B0-9F815DBBF568}.Debug|x86.ActiveCfg = Debug|Any CPU
		{EE0AB0ED-0AB4-4369-86B0-9F815DBBF568}.Debug|x86.Build.0 = Debug|Any CPU
		{EE0AB0ED-0AB4-4369-86B0-9F815DBBF568}.Release|Any CPU.ActiveCfg = Release|Any CPU
		{EE0AB0ED-0AB4-4369-86B0-9F815DBBF568}.Release|Any CPU.Build.0 = Release|Any CPU
		{EE0AB0ED-0AB4-4369-86B0-9F815DBBF568}.Release|x64.ActiveCfg = Release|Any CPU
		{EE0AB0ED-0AB4-4369-86B0-9F815DBBF568}.Release|x64.Build.0 = Release|Any CPU
		{EE0AB0ED-0AB4-4369-86B0-9F815DBBF568}.Release|x86.ActiveCfg = Release|Any CPU
		{EE0AB0ED-0AB4-4369-86B0-9F815DBBF568}.Release|x86.Build.0 = Release|Any CPU
	EndGlobalSection
	GlobalSection(SolutionProperties) = preSolution
		HideSolutionNode = FALSE
	EndGlobalSection
	GlobalSection(NestedProjects) = preSolution
		{7E3BC0AC-1EC1-4B4B-9C5B-1F0335B976B4} = {52EC5F22-E9CF-4853-8629-A80F4285DC2D}
		{9785368D-113F-496E-9A3D-09E343728A9A} = {4500D5C2-D6B6-48D5-90AD-A67071AA7EFD}
		{E7164360-3680-4362-B3A5-151DE703A631} = {0A2F4A19-85CF-4A49-A6DF-58A97ECE6CE7}
		{E7ADF664-2BB5-4EBC-93EB-A906000ACC30} = {4500D5C2-D6B6-48D5-90AD-A67071AA7EFD}
		{6A714F37-8EC1-47F9-9799-4A44441CDE93} = {E7ADF664-2BB5-4EBC-93EB-A906000ACC30}
		{95EDD55A-BA27-4392-B966-A54EEF2702DE} = {FA4776CF-B2F6-46DA-8EE6-83C67BF921CF}
		{FCB6C510-BBEE-4D1A-B19F-07138F9BE4F3} = {4500D5C2-D6B6-48D5-90AD-A67071AA7EFD}
		{306D3F45-61FD-4279-9597-451751B62B37} = {FCB6C510-BBEE-4D1A-B19F-07138F9BE4F3}
		{3E6E073C-E057-489A-8C5F-63DBF0BE8AE3} = {02006D93-E5CF-4E55-A456-6E13B6148496}
		{EE3242DE-20C6-4C97-971D-0D44327CE223} = {28C1D513-4322-4FC7-8801-FDBD0F495915}
		{28C1D513-4322-4FC7-8801-FDBD0F495915} = {4500D5C2-D6B6-48D5-90AD-A67071AA7EFD}
		{A87DC1CE-CB3F-43ED-A07A-531EA4822E6C} = {8CF8C732-0C28-4F10-8AC0-740E85D1A678}
		{0A2F4A19-85CF-4A49-A6DF-58A97ECE6CE7} = {4500D5C2-D6B6-48D5-90AD-A67071AA7EFD}
		{02006D93-E5CF-4E55-A456-6E13B6148496} = {FCB6C510-BBEE-4D1A-B19F-07138F9BE4F3}
		{FA4776CF-B2F6-46DA-8EE6-83C67BF921CF} = {E7ADF664-2BB5-4EBC-93EB-A906000ACC30}
		{8CF8C732-0C28-4F10-8AC0-740E85D1A678} = {28C1D513-4322-4FC7-8801-FDBD0F495915}
		{4500D5C2-D6B6-48D5-90AD-A67071AA7EFD} = {06519F70-8799-43ED-A35F-4019761FABC1}
		{52EC5F22-E9CF-4853-8629-A80F4285DC2D} = {7180D51A-14F6-4566-95CF-4E1FD81FE3B4}
		{C9AD419C-FA33-4755-BE65-056145B7454D} = {52EC5F22-E9CF-4853-8629-A80F4285DC2D}
		{05E189FB-68BC-43EA-8A41-B648000B2FC4} = {C9AD419C-FA33-4755-BE65-056145B7454D}
		{9DEB54E7-DC8C-4B9E-AA8E-A62278E568DF} = {4500D5C2-D6B6-48D5-90AD-A67071AA7EFD}
		{EE0AB0ED-0AB4-4369-86B0-9F815DBBF568} = {932E437F-80FF-4567-9C51-58B5F13287E0}
		{FBD278EE-5BD3-4C8F-B8EF-440D36986294} = {4500D5C2-D6B6-48D5-90AD-A67071AA7EFD}
		{932E437F-80FF-4567-9C51-58B5F13287E0} = {9DEB54E7-DC8C-4B9E-AA8E-A62278E568DF}
		{0B848D6E-C547-492F-B8E4-789C5458488A} = {FBD278EE-5BD3-4C8F-B8EF-440D36986294}
	EndGlobalSection
	GlobalSection(ExtensibilityGlobals) = postSolution
		SolutionGuid = {A47C3095-764A-487A-A31A-201909CE6506}
	EndGlobalSection
EndGlobal
